// !$*UTF8*$!
{
	archiveVersion = 1;
	classes = {
	};
	objectVersion = 48;
	objects = {

/* Begin PBXBuildFile section */
		D97061302069F2FC0082714C /* AppDelegate.swift in Sources */ = {isa = PBXBuildFile; fileRef = D970612F2069F2FC0082714C /* AppDelegate.swift */; };
		D97061322069F2FC0082714C /* ViewController.swift in Sources */ = {isa = PBXBuildFile; fileRef = D97061312069F2FC0082714C /* ViewController.swift */; };
		D97061372069F2FC0082714C /* Assets.xcassets in Resources */ = {isa = PBXBuildFile; fileRef = D97061362069F2FC0082714C /* Assets.xcassets */; };
		D970613A2069F2FC0082714C /* LaunchScreen.storyboard in Resources */ = {isa = PBXBuildFile; fileRef = D97061382069F2FC0082714C /* LaunchScreen.storyboard */; };
		D970614A2069F42A0082714C /* TableViewTestSampleTests.swift in Sources */ = {isa = PBXBuildFile; fileRef = D97061492069F42A0082714C /* TableViewTestSampleTests.swift */; };
/* End PBXBuildFile section */

/* Begin PBXContainerItemProxy section */
		D970614C2069F42A0082714C /* PBXContainerItemProxy */ = {
			isa = PBXContainerItemProxy;
			containerPortal = D97061242069F2FB0082714C /* Project object */;
			proxyType = 1;
			remoteGlobalIDString = D970612B2069F2FB0082714C;
			remoteInfo = TableViewTestSample;
		};
/* End PBXContainerItemProxy section */

/* Begin PBXFileReference section */
		D970612C2069F2FC0082714C /* TableViewTestSample.app */ = {isa = PBXFileReference; explicitFileType = wrapper.application; includeInIndex = 0; path = TableViewTestSample.app; sourceTree = BUILT_PRODUCTS_DIR; };
		D970612F2069F2FC0082714C /* AppDelegate.swift */ = {isa = PBXFileReference; lastKnownFileType = sourcecode.swift; path = AppDelegate.swift; sourceTree = "<group>"; };
		D97061312069F2FC0082714C /* ViewController.swift */ = {isa = PBXFileReference; lastKnownFileType = sourcecode.swift; path = ViewController.swift; sourceTree = "<group>"; };
		D97061362069F2FC0082714C /* Assets.xcassets */ = {isa = PBXFileReference; lastKnownFileType = folder.assetcatalog; path = Assets.xcassets; sourceTree = "<group>"; };
		D97061392069F2FC0082714C /* Base */ = {isa = PBXFileReference; lastKnownFileType = file.storyboard; name = Base; path = Base.lproj/LaunchScreen.storyboard; sourceTree = "<group>"; };
		D970613B2069F2FC0082714C /* Info.plist */ = {isa = PBXFileReference; lastKnownFileType = text.plist.xml; path = Info.plist; sourceTree = "<group>"; };
		D97061472069F42A0082714C /* TableViewTestSampleTests.xctest */ = {isa = PBXFileReference; explicitFileType = wrapper.cfbundle; includeInIndex = 0; path = TableViewTestSampleTests.xctest; sourceTree = BUILT_PRODUCTS_DIR; };
		D97061492069F42A0082714C /* TableViewTestSampleTests.swift */ = {isa = PBXFileReference; lastKnownFileType = sourcecode.swift; path = TableViewTestSampleTests.swift; sourceTree = "<group>"; };
		D970614B2069F42A0082714C /* Info.plist */ = {isa = PBXFileReference; lastKnownFileType = text.plist.xml; path = Info.plist; sourceTree = "<group>"; };
/* End PBXFileReference section */

/* Begin PBXFrameworksBuildPhase section */
		D97061292069F2FB0082714C /* Frameworks */ = {
			isa = PBXFrameworksBuildPhase;
			buildActionMask = 2147483647;
			files = (
			);
			runOnlyForDeploymentPostprocessing = 0;
		};
		D97061442069F42A0082714C /* Frameworks */ = {
			isa = PBXFrameworksBuildPhase;
			buildActionMask = 2147483647;
			files = (
			);
			runOnlyForDeploymentPostprocessing = 0;
		};
/* End PBXFrameworksBuildPhase section */

/* Begin PBXGroup section */
		D97061232069F2FB0082714C = {
			isa = PBXGroup;
			children = (
				D970612E2069F2FC0082714C /* TableViewTestSample */,
				D97061482069F42A0082714C /* TableViewTestSampleTests */,
				D970612D2069F2FC0082714C /* Products */,
			);
			sourceTree = "<group>";
		};
		D970612D2069F2FC0082714C /* Products */ = {
			isa = PBXGroup;
			children = (
				D970612C2069F2FC0082714C /* TableViewTestSample.app */,
				D97061472069F42A0082714C /* TableViewTestSampleTests.xctest */,
			);
			name = Products;
			sourceTree = "<group>";
		};
		D970612E2069F2FC0082714C /* TableViewTestSample */ = {
			isa = PBXGroup;
			children = (
				D970612F2069F2FC0082714C /* AppDelegate.swift */,
				D97061312069F2FC0082714C /* ViewController.swift */,
				D97061362069F2FC0082714C /* Assets.xcassets */,
				D97061382069F2FC0082714C /* LaunchScreen.storyboard */,
				D970613B2069F2FC0082714C /* Info.plist */,
			);
			path = TableViewTestSample;
			sourceTree = "<group>";
		};
		D97061482069F42A0082714C /* TableViewTestSampleTests */ = {
			isa = PBXGroup;
			children = (
				D97061492069F42A0082714C /* TableViewTestSampleTests.swift */,
				D970614B2069F42A0082714C /* Info.plist */,
			);
			path = TableViewTestSampleTests;
			sourceTree = "<group>";
		};
/* End PBXGroup section */

/* Begin PBXNativeTarget section */
		D970612B2069F2FB0082714C /* TableViewTestSample */ = {
			isa = PBXNativeTarget;
			buildConfigurationList = D970613E2069F2FC0082714C /* Build configuration list for PBXNativeTarget "TableViewTestSample" */;
			buildPhases = (
				D97061282069F2FB0082714C /* Sources */,
				D97061292069F2FB0082714C /* Frameworks */,
				D970612A2069F2FB0082714C /* Resources */,
			);
			buildRules = (
			);
			dependencies = (
			);
			name = TableViewTestSample;
			productName = TableViewTestSample;
			productReference = D970612C2069F2FC0082714C /* TableViewTestSample.app */;
			productType = "com.apple.product-type.application";
		};
		D97061462069F42A0082714C /* TableViewTestSampleTests */ = {
			isa = PBXNativeTarget;
			buildConfigurationList = D970614E2069F42A0082714C /* Build configuration list for PBXNativeTarget "TableViewTestSampleTests" */;
			buildPhases = (
				D97061432069F42A0082714C /* Sources */,
				D97061442069F42A0082714C /* Frameworks */,
				D97061452069F42A0082714C /* Resources */,
			);
			buildRules = (
			);
			dependencies = (
				D970614D2069F42A0082714C /* PBXTargetDependency */,
			);
			name = TableViewTestSampleTests;
			productName = TableViewTestSampleTests;
			productReference = D97061472069F42A0082714C /* TableViewTestSampleTests.xctest */;
			productType = "com.apple.product-type.bundle.unit-test";
		};
/* End PBXNativeTarget section */

/* Begin PBXProject section */
		D97061242069F2FB0082714C /* Project object */ = {
			isa = PBXProject;
			attributes = {
				LastSwiftUpdateCheck = 0920;
				LastUpgradeCheck = 0920;
				ORGANIZATIONNAME = "平松　亮介";
				TargetAttributes = {
					D970612B2069F2FB0082714C = {
						CreatedOnToolsVersion = 9.2;
						ProvisioningStyle = Automatic;
					};
					D97061462069F42A0082714C = {
						CreatedOnToolsVersion = 9.2;
						ProvisioningStyle = Automatic;
						TestTargetID = D970612B2069F2FB0082714C;
					};
				};
			};
			buildConfigurationList = D97061272069F2FB0082714C /* Build configuration list for PBXProject "TableViewTestSample" */;
			compatibilityVersion = "Xcode 8.0";
			developmentRegion = en;
			hasScannedForEncodings = 0;
			knownRegions = (
				en,
				Base,
			);
			mainGroup = D97061232069F2FB0082714C;
			productRefGroup = D970612D2069F2FC0082714C /* Products */;
			projectDirPath = "";
			projectRoot = "";
			targets = (
				D970612B2069F2FB0082714C /* TableViewTestSample */,
				D97061462069F42A0082714C /* TableViewTestSampleTests */,
			);
		};
/* End PBXProject section */

/* Begin PBXResourcesBuildPhase section */
		D970612A2069F2FB0082714C /* Resources */ = {
			isa = PBXResourcesBuildPhase;
			buildActionMask = 2147483647;
			files = (
				D970613A2069F2FC0082714C /* LaunchScreen.storyboard in Resources */,
				D97061372069F2FC0082714C /* Assets.xcassets in Resources */,
			);
			runOnlyForDeploymentPostprocessing = 0;
		};
		D97061452069F42A0082714C /* Resources */ = {
			isa = PBXResourcesBuildPhase;
			buildActionMask = 2147483647;
			files = (
			);
			runOnlyForDeploymentPostprocessing = 0;
		};
/* End PBXResourcesBuildPhase section */

/* Begin PBXSourcesBuildPhase section */
		D97061282069F2FB0082714C /* Sources */ = {
			isa = PBXSourcesBuildPhase;
			buildActionMask = 2147483647;
			files = (
				D97061322069F2FC0082714C /* ViewController.swift in Sources */,
				D97061302069F2FC0082714C /* AppDelegate.swift in Sources */,
			);
			runOnlyForDeploymentPostprocessing = 0;
		};
		D97061432069F42A0082714C /* Sources */ = {
			isa = PBXSourcesBuildPhase;
			buildActionMask = 2147483647;
			files = (
				D970614A2069F42A0082714C /* TableViewTestSampleTests.swift in Sources */,
			);
			runOnlyForDeploymentPostprocessing = 0;
		};
/* End PBXSourcesBuildPhase section */

/* Begin PBXTargetDependency section */
		D970614D2069F42A0082714C /* PBXTargetDependency */ = {
			isa = PBXTargetDependency;
			target = D970612B2069F2FB0082714C /* TableViewTestSample */;
			targetProxy = D970614C2069F42A0082714C /* PBXContainerItemProxy */;
		};
/* End PBXTargetDependency section */

/* Begin PBXVariantGroup section */
		D97061382069F2FC0082714C /* LaunchScreen.storyboard */ = {
			isa = PBXVariantGroup;
			children = (
				D97061392069F2FC0082714C /* Base */,
			);
			name = LaunchScreen.storyboard;
			sourceTree = "<group>";
		};
/* End PBXVariantGroup section */

/* Begin XCBuildConfiguration section */
		D970613C2069F2FC0082714C /* Debug */ = {
			isa = XCBuildConfiguration;
			buildSettings = {
				ALWAYS_SEARCH_USER_PATHS = NO;
				CLANG_ANALYZER_NONNULL = YES;
				CLANG_ANALYZER_NUMBER_OBJECT_CONVERSION = YES_AGGRESSIVE;
				CLANG_CXX_LANGUAGE_STANDARD = "gnu++14";
				CLANG_CXX_LIBRARY = "libc++";
				CLANG_ENABLE_MODULES = YES;
				CLANG_ENABLE_OBJC_ARC = YES;
				CLANG_WARN_BLOCK_CAPTURE_AUTORELEASING = YES;
				CLANG_WARN_BOOL_CONVERSION = YES;
				CLANG_WARN_COMMA = YES;
				CLANG_WARN_CONSTANT_CONVERSION = YES;
				CLANG_WARN_DIRECT_OBJC_ISA_USAGE = YES_ERROR;
				CLANG_WARN_DOCUMENTATION_COMMENTS = YES;
				CLANG_WARN_EMPTY_BODY = YES;
				CLANG_WARN_ENUM_CONVERSION = YES;
				CLANG_WARN_INFINITE_RECURSION = YES;
				CLANG_WARN_INT_CONVERSION = YES;
				CLANG_WARN_NON_LITERAL_NULL_CONVERSION = YES;
				CLANG_WARN_OBJC_LITERAL_CONVERSION = YES;
				CLANG_WARN_OBJC_ROOT_CLASS = YES_ERROR;
				CLANG_WARN_RANGE_LOOP_ANALYSIS = YES;
				CLANG_WARN_STRICT_PROTOTYPES = YES;
				CLANG_WARN_SUSPICIOUS_MOVE = YES;
				CLANG_WARN_UNGUARDED_AVAILABILITY = YES_AGGRESSIVE;
				CLANG_WARN_UNREACHABLE_CODE = YES;
				CLANG_WARN__DUPLICATE_METHOD_MATCH = YES;
				CODE_SIGN_IDENTITY = "iPhone Developer";
				COPY_PHASE_STRIP = NO;
				DEBUG_INFORMATION_FORMAT = dwarf;
				ENABLE_STRICT_OBJC_MSGSEND = YES;
				ENABLE_TESTABILITY = YES;
				GCC_C_LANGUAGE_STANDARD = gnu11;
				GCC_DYNAMIC_NO_PIC = NO;
				GCC_NO_COMMON_BLOCKS = YES;
				GCC_OPTIMIZATION_LEVEL = 0;
				GCC_PREPROCESSOR_DEFINITIONS = (
					"DEBUG=1",
					"$(inherited)",
				);
				GCC_WARN_64_TO_32_BIT_CONVERSION = YES;
				GCC_WARN_ABOUT_RETURN_TYPE = YES_ERROR;
				GCC_WARN_UNDECLARED_SELECTOR = YES;
				GCC_WARN_UNINITIALIZED_AUTOS = YES_AGGRESSIVE;
				GCC_WARN_UNUSED_FUNCTION = YES;
				GCC_WARN_UNUSED_VARIABLE = YES;
				IPHONEOS_DEPLOYMENT_TARGET = 11.2;
				MTL_ENABLE_DEBUG_INFO = YES;
				ONLY_ACTIVE_ARCH = YES;
				SDKROOT = iphoneos;
				SWIFT_ACTIVE_COMPILATION_CONDITIONS = DEBUG;
				SWIFT_OPTIMIZATION_LEVEL = "-Onone";
			};
			name = Debug;
		};
		D970613D2069F2FC0082714C /* Release */ = {
			isa = XCBuildConfiguration;
			buildSettings = {
				ALWAYS_SEARCH_USER_PATHS = NO;
				CLANG_ANALYZER_NONNULL = YES;
				CLANG_ANALYZER_NUMBER_OBJECT_CONVERSION = YES_AGGRESSIVE;
				CLANG_CXX_LANGUAGE_STANDARD = "gnu++14";
				CLANG_CXX_LIBRARY = "libc++";
				CLANG_ENABLE_MODULES = YES;
				CLANG_ENABLE_OBJC_ARC = YES;
				CLANG_WARN_BLOCK_CAPTURE_AUTORELEASING = YES;
				CLANG_WARN_BOOL_CONVERSION = YES;
				CLANG_WARN_COMMA = YES;
				CLANG_WARN_CONSTANT_CONVERSION = YES;
				CLANG_WARN_DIRECT_OBJC_ISA_USAGE = YES_ERROR;
				CLANG_WARN_DOCUMENTATION_COMMENTS = YES;
				CLANG_WARN_EMPTY_BODY = YES;
				CLANG_WARN_ENUM_CONVERSION = YES;
				CLANG_WARN_INFINITE_RECURSION = YES;
				CLANG_WARN_INT_CONVERSION = YES;
				CLANG_WARN_NON_LITERAL_NULL_CONVERSION = YES;
				CLANG_WARN_OBJC_LITERAL_CONVERSION = YES;
				CLANG_WARN_OBJC_ROOT_CLASS = YES_ERROR;
				CLANG_WARN_RANGE_LOOP_ANALYSIS = YES;
				CLANG_WARN_STRICT_PROTOTYPES = YES;
				CLANG_WARN_SUSPICIOUS_MOVE = YES;
				CLANG_WARN_UNGUARDED_AVAILABILITY = YES_AGGRESSIVE;
				CLANG_WARN_UNREACHABLE_CODE = YES;
				CLANG_WARN__DUPLICATE_METHOD_MATCH = YES;
				CODE_SIGN_IDENTITY = "iPhone Developer";
				COPY_PHASE_STRIP = NO;
				DEBUG_INFORMATION_FORMAT = "dwarf-with-dsym";
				ENABLE_NS_ASSERTIONS = NO;
				ENABLE_STRICT_OBJC_MSGSEND = YES;
				GCC_C_LANGUAGE_STANDARD = gnu11;
				GCC_NO_COMMON_BLOCKS = YES;
				GCC_WARN_64_TO_32_BIT_CONVERSION = YES;
				GCC_WARN_ABOUT_RETURN_TYPE = YES_ERROR;
				GCC_WARN_UNDECLARED_SELECTOR = YES;
				GCC_WARN_UNINITIALIZED_AUTOS = YES_AGGRESSIVE;
				GCC_WARN_UNUSED_FUNCTION = YES;
				GCC_WARN_UNUSED_VARIABLE = YES;
				IPHONEOS_DEPLOYMENT_TARGET = 11.2;
				MTL_ENABLE_DEBUG_INFO = NO;
				SDKROOT = iphoneos;
				SWIFT_OPTIMIZATION_LEVEL = "-Owholemodule";
				VALIDATE_PRODUCT = YES;
			};
			name = Release;
		};
		D970613F2069F2FC0082714C /* Debug */ = {
			isa = XCBuildConfiguration;
			buildSettings = {
				ASSETCATALOG_COMPILER_APPICON_NAME = AppIcon;
				CODE_SIGN_STYLE = Automatic;
				INFOPLIST_FILE = TableViewTestSample/Info.plist;
				LD_RUNPATH_SEARCH_PATHS = "$(inherited) @executable_path/Frameworks";
				PRODUCT_BUNDLE_IDENTIFIER = in.mashroom.TableViewTestSample;
				PRODUCT_NAME = "$(TARGET_NAME)";
				SWIFT_VERSION = 4.0;
				TARGETED_DEVICE_FAMILY = "1,2";
			};
			name = Debug;
		};
		D97061402069F2FC0082714C /* Release */ = {
			isa = XCBuildConfiguration;
			buildSettings = {
				ASSETCATALOG_COMPILER_APPICON_NAME = AppIcon;
				CODE_SIGN_STYLE = Automatic;
				INFOPLIST_FILE = TableViewTestSample/Info.plist;
				LD_RUNPATH_SEARCH_PATHS = "$(inherited) @executable_path/Frameworks";
				PRODUCT_BUNDLE_IDENTIFIER = in.mashroom.TableViewTestSample;
				PRODUCT_NAME = "$(TARGET_NAME)";
				SWIFT_VERSION = 4.0;
				TARGETED_DEVICE_FAMILY = "1,2";
			};
			name = Release;
		};
		D970614F2069F42A0082714C /* Debug */ = {
			isa = XCBuildConfiguration;
			buildSettings = {
				BUNDLE_LOADER = "$(TEST_HOST)";
				CODE_SIGN_STYLE = Automatic;
				INFOPLIST_FILE = TableViewTestSampleTests/Info.plist;
				LD_RUNPATH_SEARCH_PATHS = "$(inherited) @executable_path/Frameworks @loader_path/Frameworks";
				PRODUCT_BUNDLE_IDENTIFIER = jp.co.yahoo.yahuoku.TableViewTestSampleTests;
				PRODUCT_NAME = "$(TARGET_NAME)";
				SWIFT_VERSION = 4.0;
				TARGETED_DEVICE_FAMILY = "1,2";
				TEST_HOST = "$(BUILT_PRODUCTS_DIR)/TableViewTestSample.app/TableViewTestSample";
			};
			name = Debug;
		};
		D97061502069F42A0082714C /* Release */ = {
			isa = XCBuildConfiguration;
			buildSettings = {
				BUNDLE_LOADER = "$(TEST_HOST)";
				CODE_SIGN_STYLE = Automatic;
				INFOPLIST_FILE = TableViewTestSampleTests/Info.plist;
				LD_RUNPATH_SEARCH_PATHS = "$(inherited) @executable_path/Frameworks @loader_path/Frameworks";
				PRODUCT_BUNDLE_IDENTIFIER = jp.co.yahoo.yahuoku.TableViewTestSampleTests;
				PRODUCT_NAME = "$(TARGET_NAME)";
				SWIFT_VERSION = 4.0;
				TARGETED_DEVICE_FAMILY = "1,2";
				TEST_HOST = "$(BUILT_PRODUCTS_DIR)/TableViewTestSample.app/TableViewTestSample";
			};
			name = Release;
		};
/* End XCBuildConfiguration section */

/* Begin XCConfigurationList section */
		D97061272069F2FB0082714C /* Build configuration list for PBXProject "TableViewTestSample" */ = {
			isa = XCConfigurationList;
			buildConfigurations = (
				D970613C2069F2FC0082714C /* Debug */,
				D970613D2069F2FC0082714C /* Release */,
			);
			defaultConfigurationIsVisible = 0;
			defaultConfigurationName = Release;
		};
		D970613E2069F2FC0082714C /* Build configuration list for PBXNativeTarget "TableViewTestSample" */ = {
			isa = XCConfigurationList;
			buildConfigurations = (
				D970613F2069F2FC0082714C /* Debug */,
				D97061402069F2FC0082714C /* Release */,
			);
			defaultConfigurationIsVisible = 0;
			defaultConfigurationName = Release;
		};
		D970614E2069F42A0082714C /* Build configuration list for PBXNativeTarget "TableViewTestSampleTests" */ = {
			isa = XCConfigurationList;
			buildConfigurations = (
				D970614F2069F42A0082714C /* Debug */,
				D97061502069F42A0082714C /* Release */,
			);
			defaultConfigurationIsVisible = 0;
			defaultConfigurationName = Release;
		};
/* End XCConfigurationList section */
	};
	rootObject = D97061242069F2FB0082714C /* Project object */;
}
